
Microsoft Visual Studio Solution File, Format Version 12.00
# Visual Studio Version 16
VisualStudioVersion = 16.0.30717.126
MinimumVisualStudioVersion = 10.0.40219.1
Project("{FAE04EC0-301F-11D3-BF4B-00C04F79EFBC}") = "ExcelTool", "ExcelTool\ExcelTool.csproj", "{C0C0913D-CF88-4D67-BE93-B6576B278C97}"
EndProject
Project("{FAE04EC0-301F-11D3-BF4B-00C04F79EFBC}") = "GlobalObjects", "GlobalObjects\GlobalObjects.csproj", "{BE1FC276-DD3C-4E11-9DC1-8A37A992603A}"
EndProject
Project("{FAE04EC0-301F-11D3-BF4B-00C04F79EFBC}") = "ExcelToolAfterClosed", "ExcelToolAfterClosed\ExcelToolAfterClosed.csproj", "{11C8163F-6ED7-4DEF-AAA6-E032B2648EBE}"
EndProject
Global
	GlobalSection(SolutionConfigurationPlatforms) = preSolution
		Debug|Any CPU = Debug|Any CPU
		Release|Any CPU = Release|Any CPU
	EndGlobalSection
	GlobalSection(ProjectConfigurationPlatforms) = postSolution
		{C0C0913D-CF88-4D67-BE93-B6576B278C97}.Debug|Any CPU.ActiveCfg = Debug|Any CPU
		{C0C0913D-CF88-4D67-BE93-B6576B278C97}.Debug|Any CPU.Build.0 = Debug|Any CPU
		{C0C0913D-CF88-4D67-BE93-B6576B278C97}.Release|Any CPU.ActiveCfg = Release|Any CPU
		{C0C0913D-CF88-4D67-BE93-B6576B278C97}.Release|Any CPU.Build.0 = Release|Any CPU
		{BE1FC276-DD3C-4E11-9DC1-8A37A992603A}.Debug|Any CPU.ActiveCfg = Debug|Any CPU
		{BE1FC276-DD3C-4E11-9DC1-8A37A992603A}.Debug|Any CPU.Build.0 = Debug|Any CPU
		{BE1FC276-DD3C-4E11-9DC1-8A37A992603A}.Release|Any CPU.ActiveCfg = Release|Any CPU
		{BE1FC276-DD3C-4E11-9DC1-8A37A992603A}.Release|Any CPU.Build.0 = Release|Any CPU
		{11C8163F-6ED7-4DEF-AAA6-E032B2648EBE}.Debug|Any CPU.ActiveCfg = Debug|Any CPU
		{11C8163F-6ED7-4DEF-AAA6-E032B2648EBE}.Debug|Any CPU.Build.0 = Debug|Any CPU
		{11C8163F-6ED7-4DEF-AAA6-E032B2648EBE}.Release|Any CPU.ActiveCfg = Release|Any CPU
		{11C8163F-6ED7-4DEF-AAA6-E032B2648EBE}.Release|Any CPU.Build.0 = Release|Any CPU
	EndGlobalSection
	GlobalSection(SolutionProperties) = preSolution
		HideSolutionNode = FALSE
	EndGlobalSection
	GlobalSection(ExtensibilityGlobals) = postSolution
		SolutionGuid = {D9A7003C-C73D-40CF-AC1F-DC07B3A73398}
	EndGlobalSection
EndGlobal
